
Microsoft Visual Studio Solution File, Format Version 12.00
# Visual Studio 2013
VisualStudioVersion = 12.0.30324.0
MinimumVisualStudioVersion = 10.0.40219.1
Project("{FAE04EC0-301F-11D3-BF4B-00C04F79EFBC}") = "intCsharp", "intCsharp\intCsharp.csproj", "{F7307AA6-5C52-470F-B47F-EE324556C6F3}"
EndProject
Project("{FAE04EC0-301F-11D3-BF4B-00C04F79EFBC}") = "ConsoleApplication1", "ConsoleApplication1\ConsoleApplication1.csproj", "{489DB4A9-E611-43B2-A47F-397835FDA37C}"
EndProject
Global
	GlobalSection(SolutionConfigurationPlatforms) = preSolution
		Debug|Any CPU = Debug|Any CPU
		Release|Any CPU = Release|Any CPU
	EndGlobalSection
	GlobalSection(ProjectConfigurationPlatforms) = postSolution
		{F7307AA6-5C52-470F-B47F-EE324556C6F3}.Debug|Any CPU.ActiveCfg = Debug|Any CPU
		{F7307AA6-5C52-470F-B47F-EE324556C6F3}.Debug|Any CPU.Build.0 = Debug|Any CPU
		{F7307AA6-5C52-470F-B47F-EE324556C6F3}.Release|Any CPU.ActiveCfg = Release|Any CPU
		{F7307AA6-5C52-470F-B47F-EE324556C6F3}.Release|Any CPU.Build.0 = Release|Any CPU
		{489DB4A9-E611-43B2-A47F-397835FDA37C}.Debug|Any CPU.ActiveCfg = Debug|Any CPU
		{489DB4A9-E611-43B2-A47F-397835FDA37C}.Debug|Any CPU.Build.0 = Debug|Any CPU
		{489DB4A9-E611-43B2-A47F-397835FDA37C}.Release|Any CPU.ActiveCfg = Release|Any CPU
		{489DB4A9-E611-43B2-A47F-397835FDA37C}.Release|Any CPU.Build.0 = Release|Any CPU
	EndGlobalSection
	GlobalSection(SolutionProperties) = preSolution
		HideSolutionNode = FALSE
	EndGlobalSection
EndGlobal
